
Microsoft Visual Studio Solution File, Format Version 12.00
# Visual Studio Version 17
VisualStudioVersion = 17.10.35013.160
MinimumVisualStudioVersion = 10.0.40219.1
Project("{FAE04EC0-301F-11D3-BF4B-00C04F79EFBC}") = "Ticket Price Calculator", "Ticket Price Calculator\Ticket Price Calculator.csproj", "{3EDC2F4D-CB5D-40A8-8559-CBCA950B9F05}"
EndProject
Global
	GlobalSection(SolutionConfigurationPlatforms) = preSolution
		Debug|Any CPU = Debug|Any CPU
		Release|Any CPU = Release|Any CPU
	EndGlobalSection
	GlobalSection(ProjectConfigurationPlatforms) = postSolution
		{3EDC2F4D-CB5D-40A8-8559-CBCA950B9F05}.Debug|Any CPU.ActiveCfg = Debug|Any CPU
		{3EDC2F4D-CB5D-40A8-8559-CBCA950B9F05}.Debug|Any CPU.Build.0 = Debug|Any CPU
		{3EDC2F4D-CB5D-40A8-8559-CBCA950B9F05}.Release|Any CPU.ActiveCfg = Release|Any CPU
		{3EDC2F4D-CB5D-40A8-8559-CBCA950B9F05}.Release|Any CPU.Build.0 = Release|Any CPU
	EndGlobalSection
	GlobalSection(SolutionProperties) = preSolution
		HideSolutionNode = FALSE
	EndGlobalSection
	GlobalSection(ExtensibilityGlobals) = postSolution
		SolutionGuid = {81D7A3D9-452B-4B94-84E8-07833D8ED787}
	EndGlobalSection
EndGlobal
